
Microsoft Visual Studio Solution File, Format Version 12.00
# Visual Studio Version 16
VisualStudioVersion = 16.0.29920.165
MinimumVisualStudioVersion = 15.0.26124.0
Project("{9A19103F-16F7-4668-BE54-9A1E7A4F7556}") = "Planungsboard.Presentation", "Planungsboard.Presentation\Planungsboard.Presentation.csproj", "{25CABC66-102E-462D-856F-03A22FDBAE39}"
EndProject
Project("{9A19103F-16F7-4668-BE54-9A1E7A4F7556}") = "Planungsboard.Presentation.Test", "Planungsboard.Presentation.Test\Planungsboard.Presentation.Test.csproj", "{A4B63583-9D4C-4794-974B-E14597BFFF71}"
EndProject
Project("{2150E333-8FDC-42A3-9474-1A3956D46DE8}") = "Solution Items", "Solution Items", "{CA44D2E3-421D-4EFE-8893-799B5079DB7F}"
	ProjectSection(SolutionItems) = preProject
		.editorconfig = .editorconfig
	EndProjectSection
EndProject
Global
	GlobalSection(SolutionConfigurationPlatforms) = preSolution
		Debug|Any CPU = Debug|Any CPU
		Debug|x64 = Debug|x64
		Debug|x86 = Debug|x86
		Release|Any CPU = Release|Any CPU
		Release|x64 = Release|x64
		Release|x86 = Release|x86
	EndGlobalSection
	GlobalSection(ProjectConfigurationPlatforms) = postSolution
		{25CABC66-102E-462D-856F-03A22FDBAE39}.Debug|Any CPU.ActiveCfg = Debug|Any CPU
		{25CABC66-102E-462D-856F-03A22FDBAE39}.Debug|Any CPU.Build.0 = Debug|Any CPU
		{25CABC66-102E-462D-856F-03A22FDBAE39}.Debug|x64.ActiveCfg = Debug|Any CPU
		{25CABC66-102E-462D-856F-03A22FDBAE39}.Debug|x64.Build.0 = Debug|Any CPU
		{25CABC66-102E-462D-856F-03A22FDBAE39}.Debug|x86.ActiveCfg = Debug|Any CPU
		{25CABC66-102E-462D-856F-03A22FDBAE39}.Debug|x86.Build.0 = Debug|Any CPU
		{25CABC66-102E-462D-856F-03A22FDBAE39}.Release|Any CPU.ActiveCfg = Release|Any CPU
		{25CABC66-102E-462D-856F-03A22FDBAE39}.Release|Any CPU.Build.0 = Release|Any CPU
		{25CABC66-102E-462D-856F-03A22FDBAE39}.Release|x64.ActiveCfg = Release|Any CPU
		{25CABC66-102E-462D-856F-03A22FDBAE39}.Release|x64.Build.0 = Release|Any CPU
		{25CABC66-102E-462D-856F-03A22FDBAE39}.Release|x86.ActiveCfg = Release|Any CPU
		{25CABC66-102E-462D-856F-03A22FDBAE39}.Release|x86.Build.0 = Release|Any CPU
		{A4B63583-9D4C-4794-974B-E14597BFFF71}.Debug|Any CPU.ActiveCfg = Debug|Any CPU
		{A4B63583-9D4C-4794-974B-E14597BFFF71}.Debug|Any CPU.Build.0 = Debug|Any CPU
		{A4B63583-9D4C-4794-974B-E14597BFFF71}.Debug|x64.ActiveCfg = Debug|Any CPU
		{A4B63583-9D4C-4794-974B-E14597BFFF71}.Debug|x64.Build.0 = Debug|Any CPU
		{A4B63583-9D4C-4794-974B-E14597BFFF71}.Debug|x86.ActiveCfg = Debug|Any CPU
		{A4B63583-9D4C-4794-974B-E14597BFFF71}.Debug|x86.Build.0 = Debug|Any CPU
		{A4B63583-9D4C-4794-974B-E14597BFFF71}.Release|Any CPU.ActiveCfg = Release|Any CPU
		{A4B63583-9D4C-4794-974B-E14597BFFF71}.Release|Any CPU.Build.0 = Release|Any CPU
		{A4B63583-9D4C-4794-974B-E14597BFFF71}.Release|x64.ActiveCfg = Release|Any CPU
		{A4B63583-9D4C-4794-974B-E14597BFFF71}.Release|x64.Build.0 = Release|Any CPU
		{A4B63583-9D4C-4794-974B-E14597BFFF71}.Release|x86.ActiveCfg = Release|Any CPU
		{A4B63583-9D4C-4794-974B-E14597BFFF71}.Release|x86.Build.0 = Release|Any CPU
	EndGlobalSection
	GlobalSection(SolutionProperties) = preSolution
		HideSolutionNode = FALSE
	EndGlobalSection
	GlobalSection(ExtensibilityGlobals) = postSolution
		SolutionGuid = {04E9940F-3281-4E71-A54D-D2F7579D7517}
	EndGlobalSection
EndGlobal
